
Microsoft Visual Studio Solution File, Format Version 12.00
# Visual Studio Version 16
VisualStudioVersion = 16.0.29519.87
MinimumVisualStudioVersion = 10.0.40219.1
Project("{FAE04EC0-301F-11D3-BF4B-00C04F79EFBC}") = "SUDO MUSIC", "SUDO MUSIC\SUDO MUSIC.csproj", "{8222EAC5-DE4D-4BB2-9EE6-46499DCD591E}"
EndProject
Global
	GlobalSection(SolutionConfigurationPlatforms) = preSolution
		Debug|Any CPU = Debug|Any CPU
		Release|Any CPU = Release|Any CPU
	EndGlobalSection
	GlobalSection(ProjectConfigurationPlatforms) = postSolution
		{8222EAC5-DE4D-4BB2-9EE6-46499DCD591E}.Debug|Any CPU.ActiveCfg = Debug|Any CPU
		{8222EAC5-DE4D-4BB2-9EE6-46499DCD591E}.Debug|Any CPU.Build.0 = Debug|Any CPU
		{8222EAC5-DE4D-4BB2-9EE6-46499DCD591E}.Release|Any CPU.ActiveCfg = Release|Any CPU
		{8222EAC5-DE4D-4BB2-9EE6-46499DCD591E}.Release|Any CPU.Build.0 = Release|Any CPU
	EndGlobalSection
	GlobalSection(SolutionProperties) = preSolution
		HideSolutionNode = FALSE
	EndGlobalSection
	GlobalSection(ExtensibilityGlobals) = postSolution
		SolutionGuid = {53950811-30E8-4AA6-BC68-C0BFDBF4131A}
	EndGlobalSection
EndGlobal
